
Microsoft Visual Studio Solution File, Format Version 12.00
# Visual Studio 15
VisualStudioVersion = 15.0.27130.2003
MinimumVisualStudioVersion = 10.0.40219.1
Project("{FAE04EC0-301F-11D3-BF4B-00C04F79EFBC}") = "MoneyCalendar", "MoneyCalendar\MoneyCalendar.csproj", "{AE1EE403-0051-459E-87D3-458CB8B216F6}"
EndProject
Global
	GlobalSection(SolutionConfigurationPlatforms) = preSolution
		Debug|Any CPU = Debug|Any CPU
		Release|Any CPU = Release|Any CPU
	EndGlobalSection
	GlobalSection(ProjectConfigurationPlatforms) = postSolution
		{AE1EE403-0051-459E-87D3-458CB8B216F6}.Debug|Any CPU.ActiveCfg = Debug|Any CPU
		{AE1EE403-0051-459E-87D3-458CB8B216F6}.Debug|Any CPU.Build.0 = Debug|Any CPU
		{AE1EE403-0051-459E-87D3-458CB8B216F6}.Release|Any CPU.ActiveCfg = Release|Any CPU
		{AE1EE403-0051-459E-87D3-458CB8B216F6}.Release|Any CPU.Build.0 = Release|Any CPU
	EndGlobalSection
	GlobalSection(SolutionProperties) = preSolution
		HideSolutionNode = FALSE
	EndGlobalSection
	GlobalSection(ExtensibilityGlobals) = postSolution
		SolutionGuid = {C3995875-F2EF-4A8E-9ADA-10ECF2E78FD9}
	EndGlobalSection
EndGlobal
